// !$*UTF8*$!
{
	archiveVersion = 1;
	classes = {
	};
	objectVersion = 46;
	objects = {

/* Begin PBXContainerItemProxy section */
		8472F4881EC8E1720028627C /* PBXContainerItemProxy */ = {
			isa = PBXContainerItemProxy;
			containerPortal = 8472F4831EC8E1720028627C /* OpenSSL.xcodeproj */;
			proxyType = 2;
			remoteGlobalIDString = 9069D28C0FCE659A0042E34C;
			remoteInfo = crypto;
		};
		8472F48A1EC8E1720028627C /* PBXContainerItemProxy */ = {
			isa = PBXContainerItemProxy;
			containerPortal = 8472F4831EC8E1720028627C /* OpenSSL.xcodeproj */;
			proxyType = 2;
			remoteGlobalIDString = 845BC6BB1E68C3B000DC9B81;
			remoteInfo = ssl;
		};
		8472F48C1EC8E1830028627C /* PBXContainerItemProxy */ = {
			isa = PBXContainerItemProxy;
			containerPortal = 8472F4831EC8E1720028627C /* OpenSSL.xcodeproj */;
			proxyType = 1;
			remoteGlobalIDString = 9069D28B0FCE659A0042E34C;
			remoteInfo = crypto;
		};
		8472F48E1EC8E1830028627C /* PBXContainerItemProxy */ = {
			isa = PBXContainerItemProxy;
			containerPortal = 8472F4831EC8E1720028627C /* OpenSSL.xcodeproj */;
			proxyType = 1;
			remoteGlobalIDString = 845BC6BA1E68C3B000DC9B81;
			remoteInfo = ssl;
		};
/* End PBXContainerItemProxy section */

/* Begin PBXFileReference section */
		8472F4831EC8E1720028627C /* OpenSSL.xcodeproj */ = {isa = PBXFileReference; lastKnownFileType = "wrapper.pb-project"; name = OpenSSL.xcodeproj; path = ../OpenSSL/OpenSSL.xcodeproj; sourceTree = "<group>"; };
		84BEF7201E660E2600D839D3 /* libssh2.a */ = {isa = PBXFileReference; explicitFileType = archive.ar; includeInIndex = 0; path = libssh2.a; sourceTree = BUILT_PRODUCTS_DIR; };
/* End PBXFileReference section */

/* Begin PBXGroup section */
		8472F4841EC8E1720028627C /* Products */ = {
			isa = PBXGroup;
			children = (
				8472F4891EC8E1720028627C /* libcrypto.a */,
				8472F48B1EC8E1720028627C /* libssl.a */,
			);
			name = Products;
			sourceTree = "<group>";
		};
		84BEF7171E660E2600D839D3 = {
			isa = PBXGroup;
			children = (
				8472F4831EC8E1720028627C /* OpenSSL.xcodeproj */,
				84BEF7211E660E2600D839D3 /* Products */,
			);
			sourceTree = "<group>";
		};
		84BEF7211E660E2600D839D3 /* Products */ = {
			isa = PBXGroup;
			children = (
				84BEF7201E660E2600D839D3 /* libssh2.a */,
			);
			name = Products;
			sourceTree = "<group>";
		};
/* End PBXGroup section */

/* Begin PBXNativeTarget section */
		84BEF71F1E660E2600D839D3 /* ssh2 */ = {
			isa = PBXNativeTarget;
			buildConfigurationList = 84BEF7241E660E2600D839D3 /* Build configuration list for PBXNativeTarget "ssh2" */;
			buildPhases = (
				84BEF7371E66148300D839D3 /* ShellScript */,
			);
			buildRules = (
			);
			dependencies = (
				8472F48D1EC8E1830028627C /* PBXTargetDependency */,
				8472F48F1EC8E1830028627C /* PBXTargetDependency */,
			);
			name = ssh2;
			productName = LibSSH2;
			productReference = 84BEF7201E660E2600D839D3 /* libssh2.a */;
			productType = "com.apple.product-type.library.static";
		};
/* End PBXNativeTarget section */

/* Begin PBXProject section */
		84BEF7181E660E2600D839D3 /* Project object */ = {
			isa = PBXProject;
			attributes = {
				LastUpgradeCheck = 0900;
				ORGANIZATIONNAME = Soduto;
				TargetAttributes = {
					84BEF71F1E660E2600D839D3 = {
						CreatedOnToolsVersion = 8.2.1;
						ProvisioningStyle = Automatic;
					};
				};
			};
			buildConfigurationList = 84BEF71B1E660E2600D839D3 /* Build configuration list for PBXProject "LibSSH2" */;
			compatibilityVersion = "Xcode 3.2";
			developmentRegion = English;
			hasScannedForEncodings = 0;
			knownRegions = (
				en,
			);
			mainGroup = 84BEF7171E660E2600D839D3;
			productRefGroup = 84BEF7211E660E2600D839D3 /* Products */;
			projectDirPath = "";
			projectReferences = (
				{
					ProductGroup = 8472F4841EC8E1720028627C /* Products */;
					ProjectRef = 8472F4831EC8E1720028627C /* OpenSSL.xcodeproj */;
				},
			);
			projectRoot = "";
			targets = (
				84BEF71F1E660E2600D839D3 /* ssh2 */,
			);
		};
/* End PBXProject section */

/* Begin PBXReferenceProxy section */
		8472F4891EC8E1720028627C /* libcrypto.a */ = {
			isa = PBXReferenceProxy;
			fileType = archive.ar;
			path = libcrypto.a;
			remoteRef = 8472F4881EC8E1720028627C /* PBXContainerItemProxy */;
			sourceTree = BUILT_PRODUCTS_DIR;
		};
		8472F48B1EC8E1720028627C /* libssl.a */ = {
			isa = PBXReferenceProxy;
			fileType = archive.ar;
			path = libssl.a;
			remoteRef = 8472F48A1EC8E1720028627C /* PBXContainerItemProxy */;
			sourceTree = BUILT_PRODUCTS_DIR;
		};
/* End PBXReferenceProxy section */

/* Begin PBXShellScriptBuildPhase section */
		84BEF7371E66148300D839D3 /* ShellScript */ = {
			isa = PBXShellScriptBuildPhase;
			buildActionMask = 2147483647;
			files = (
			);
			inputPaths = (
			);
			outputPaths = (
			);
			runOnlyForDeploymentPostprocessing = 0;
			shellPath = /bin/sh;
			shellScript = "cd \"${SRCROOT}\"\n/bin/sh build.sh";
		};
/* End PBXShellScriptBuildPhase section */

/* Begin PBXTargetDependency section */
		8472F48D1EC8E1830028627C /* PBXTargetDependency */ = {
			isa = PBXTargetDependency;
			name = crypto;
			targetProxy = 8472F48C1EC8E1830028627C /* PBXContainerItemProxy */;
		};
		8472F48F1EC8E1830028627C /* PBXTargetDependency */ = {
			isa = PBXTargetDependency;
			name = ssl;
			targetProxy = 8472F48E1EC8E1830028627C /* PBXContainerItemProxy */;
		};
/* End PBXTargetDependency section */

/* Begin XCBuildConfiguration section */
		84BEF7221E660E2600D839D3 /* Debug */ = {
			isa = XCBuildConfiguration;
			buildSettings = {
				ALWAYS_SEARCH_USER_PATHS = NO;
				CLANG_ANALYZER_NONNULL = YES;
				CLANG_CXX_LANGUAGE_STANDARD = "gnu++0x";
				CLANG_CXX_LIBRARY = "libc++";
				CLANG_ENABLE_MODULES = YES;
				CLANG_ENABLE_OBJC_ARC = YES;
				CLANG_WARN_BLOCK_CAPTURE_AUTORELEASING = YES;
				CLANG_WARN_BOOL_CONVERSION = YES;
				CLANG_WARN_COMMA = YES;
				CLANG_WARN_CONSTANT_CONVERSION = YES;
				CLANG_WARN_DIRECT_OBJC_ISA_USAGE = YES_ERROR;
				CLANG_WARN_DOCUMENTATION_COMMENTS = YES;
				CLANG_WARN_EMPTY_BODY = YES;
				CLANG_WARN_ENUM_CONVERSION = YES;
				CLANG_WARN_INFINITE_RECURSION = YES;
				CLANG_WARN_INT_CONVERSION = YES;
				CLANG_WARN_NON_LITERAL_NULL_CONVERSION = YES;
				CLANG_WARN_OBJC_LITERAL_CONVERSION = YES;
				CLANG_WARN_OBJC_ROOT_CLASS = YES_ERROR;
				CLANG_WARN_RANGE_LOOP_ANALYSIS = YES;
				CLANG_WARN_STRICT_PROTOTYPES = YES;
				CLANG_WARN_SUSPICIOUS_MOVE = YES;
				CLANG_WARN_UNREACHABLE_CODE = YES;
				CLANG_WARN__DUPLICATE_METHOD_MATCH = YES;
				CODE_SIGN_IDENTITY = "-";
				COPY_PHASE_STRIP = NO;
				DEBUG_INFORMATION_FORMAT = dwarf;
				ENABLE_STRICT_OBJC_MSGSEND = YES;
				ENABLE_TESTABILITY = YES;
				GCC_C_LANGUAGE_STANDARD = gnu99;
				GCC_DYNAMIC_NO_PIC = NO;
				GCC_NO_COMMON_BLOCKS = YES;
				GCC_OPTIMIZATION_LEVEL = 0;
				GCC_PREPROCESSOR_DEFINITIONS = (
					"DEBUG=1",
					"$(inherited)",
				);
				GCC_WARN_64_TO_32_BIT_CONVERSION = YES;
				GCC_WARN_ABOUT_RETURN_TYPE = YES_ERROR;
				GCC_WARN_UNDECLARED_SELECTOR = YES;
				GCC_WARN_UNINITIALIZED_AUTOS = YES_AGGRESSIVE;
				GCC_WARN_UNUSED_FUNCTION = YES;
				GCC_WARN_UNUSED_VARIABLE = YES;
				MACOSX_DEPLOYMENT_TARGET = 10.7;
				MTL_ENABLE_DEBUG_INFO = YES;
				ONLY_ACTIVE_ARCH = YES;
				SDKROOT = macosx;
				SKIP_INSTALL = YES;
			};
			name = Debug;
		};
		84BEF7231E660E2600D839D3 /* Release */ = {
			isa = XCBuildConfiguration;
			buildSettings = {
				ALWAYS_SEARCH_USER_PATHS = NO;
				CLANG_ANALYZER_NONNULL = YES;
				CLANG_CXX_LANGUAGE_STANDARD = "gnu++0x";
				CLANG_CXX_LIBRARY = "libc++";
				CLANG_ENABLE_MODULES = YES;
				CLANG_ENABLE_OBJC_ARC = YES;
				CLANG_WARN_BLOCK_CAPTURE_AUTORELEASING = YES;
				CLANG_WARN_BOOL_CONVERSION = YES;
				CLANG_WARN_COMMA = YES;
				CLANG_WARN_CONSTANT_CONVERSION = YES;
				CLANG_WARN_DIRECT_OBJC_ISA_USAGE = YES_ERROR;
				CLANG_WARN_DOCUMENTATION_COMMENTS = YES;
				CLANG_WARN_EMPTY_BODY = YES;
				CLANG_WARN_ENUM_CONVERSION = YES;
				CLANG_WARN_INFINITE_RECURSION = YES;
				CLANG_WARN_INT_CONVERSION = YES;
				CLANG_WARN_NON_LITERAL_NULL_CONVERSION = YES;
				CLANG_WARN_OBJC_LITERAL_CONVERSION = YES;
				CLANG_WARN_OBJC_ROOT_CLASS = YES_ERROR;
				CLANG_WARN_RANGE_LOOP_ANALYSIS = YES;
				CLANG_WARN_STRICT_PROTOTYPES = YES;
				CLANG_WARN_SUSPICIOUS_MOVE = YES;
				CLANG_WARN_UNREACHABLE_CODE = YES;
				CLANG_WARN__DUPLICATE_METHOD_MATCH = YES;
				CODE_SIGN_IDENTITY = "-";
				COPY_PHASE_STRIP = NO;
				DEBUG_INFORMATION_FORMAT = "dwarf-with-dsym";
				ENABLE_NS_ASSERTIONS = NO;
				ENABLE_STRICT_OBJC_MSGSEND = YES;
				GCC_C_LANGUAGE_STANDARD = gnu99;
				GCC_NO_COMMON_BLOCKS = YES;
				GCC_WARN_64_TO_32_BIT_CONVERSION = YES;
				GCC_WARN_ABOUT_RETURN_TYPE = YES_ERROR;
				GCC_WARN_UNDECLARED_SELECTOR = YES;
				GCC_WARN_UNINITIALIZED_AUTOS = YES_AGGRESSIVE;
				GCC_WARN_UNUSED_FUNCTION = YES;
				GCC_WARN_UNUSED_VARIABLE = YES;
				MACOSX_DEPLOYMENT_TARGET = 10.7;
				MTL_ENABLE_DEBUG_INFO = NO;
				SDKROOT = macosx;
				SKIP_INSTALL = YES;
			};
			name = Release;
		};
		84BEF7251E660E2600D839D3 /* Debug */ = {
			isa = XCBuildConfiguration;
			buildSettings = {
				DEVELOPMENT_TEAM = "";
				PRODUCT_NAME = "$(TARGET_NAME)";
			};
			name = Debug;
		};
		84BEF7261E660E2600D839D3 /* Release */ = {
			isa = XCBuildConfiguration;
			buildSettings = {
				COPY_PHASE_STRIP = YES;
				DEVELOPMENT_TEAM = "";
				PRODUCT_NAME = "$(TARGET_NAME)";
			};
			name = Release;
		};
/* End XCBuildConfiguration section */

/* Begin XCConfigurationList section */
		84BEF71B1E660E2600D839D3 /* Build configuration list for PBXProject "LibSSH2" */ = {
			isa = XCConfigurationList;
			buildConfigurations = (
				84BEF7221E660E2600D839D3 /* Debug */,
				84BEF7231E660E2600D839D3 /* Release */,
			);
			defaultConfigurationIsVisible = 0;
			defaultConfigurationName = Release;
		};
		84BEF7241E660E2600D839D3 /* Build configuration list for PBXNativeTarget "ssh2" */ = {
			isa = XCConfigurationList;
			buildConfigurations = (
				84BEF7251E660E2600D839D3 /* Debug */,
				84BEF7261E660E2600D839D3 /* Release */,
			);
			defaultConfigurationIsVisible = 0;
			defaultConfigurationName = Release;
		};
/* End XCConfigurationList section */
	};
	rootObject = 84BEF7181E660E2600D839D3 /* Project object */;
}
