// !$*UTF8*$!
{
	archiveVersion = 1;
	classes = {
	};
	objectVersion = 46;
	objects = {

/* Begin PBXBuildFile section */
		843301641D2D8CB8008934BB /* AppDelegate.swift in Sources */ = {isa = PBXBuildFile; fileRef = 843301631D2D8CB8008934BB /* AppDelegate.swift */; };
		843301661D2D8CB8008934BB /* Assets.xcassets in Resources */ = {isa = PBXBuildFile; fileRef = 843301651D2D8CB8008934BB /* Assets.xcassets */; };
		843301691D2D8CB8008934BB /* MainMenu.xib in Resources */ = {isa = PBXBuildFile; fileRef = 843301671D2D8CB8008934BB /* MainMenu.xib */; };
		8454D1321D34228E00788632 /* ysocket.swift in Sources */ = {isa = PBXBuildFile; fileRef = 8454D12D1D34228E00788632 /* ysocket.swift */; };
		8454D1331D34228E00788632 /* ytcpsocket.c in Sources */ = {isa = PBXBuildFile; fileRef = 8454D12E1D34228E00788632 /* ytcpsocket.c */; };
		8454D1341D34228E00788632 /* ytcpsocket.swift in Sources */ = {isa = PBXBuildFile; fileRef = 8454D12F1D34228E00788632 /* ytcpsocket.swift */; };
		8454D1351D34228E00788632 /* yudpsocket.c in Sources */ = {isa = PBXBuildFile; fileRef = 8454D1301D34228E00788632 /* yudpsocket.c */; };
		8454D1361D34228E00788632 /* yudpsocket.swift in Sources */ = {isa = PBXBuildFile; fileRef = 8454D1311D34228E00788632 /* yudpsocket.swift */; };
		8454D1431D3573E500788632 /* UdpSocket.swift in Sources */ = {isa = PBXBuildFile; fileRef = 8454D1421D3573E500788632 /* UdpSocket.swift */; };
		848E3C8A1D51237C009A7EEA /* DataPacket.swift in Sources */ = {isa = PBXBuildFile; fileRef = 848E3C891D51237C009A7EEA /* DataPacket.swift */; };
		848E3C8C1D5138CE009A7EEA /* ConnectionProvider.swift in Sources */ = {isa = PBXBuildFile; fileRef = 848E3C8B1D5138CE009A7EEA /* ConnectionProvider.swift */; };
		8FC977F11D4778E9001ADF7E /* StatusBarMenuController.swift in Sources */ = {isa = PBXBuildFile; fileRef = 8FC977F01D4778E9001ADF7E /* StatusBarMenuController.swift */; };
/* End PBXBuildFile section */

/* Begin PBXCopyFilesBuildPhase section */
		84DFAF121D34215800763193 /* Embed Frameworks */ = {
			isa = PBXCopyFilesBuildPhase;
			buildActionMask = 2147483647;
			dstPath = "";
			dstSubfolderSpec = 10;
			files = (
			);
			name = "Embed Frameworks";
			runOnlyForDeploymentPostprocessing = 0;
		};
/* End PBXCopyFilesBuildPhase section */

/* Begin PBXFileReference section */
		843301601D2D8CB8008934BB /* Migla.app */ = {isa = PBXFileReference; explicitFileType = wrapper.application; includeInIndex = 0; path = Migla.app; sourceTree = BUILT_PRODUCTS_DIR; };
		843301631D2D8CB8008934BB /* AppDelegate.swift */ = {isa = PBXFileReference; lastKnownFileType = sourcecode.swift; path = AppDelegate.swift; sourceTree = "<group>"; };
		843301651D2D8CB8008934BB /* Assets.xcassets */ = {isa = PBXFileReference; lastKnownFileType = folder.assetcatalog; path = Assets.xcassets; sourceTree = "<group>"; };
		843301681D2D8CB8008934BB /* Base */ = {isa = PBXFileReference; lastKnownFileType = file.xib; name = Base; path = Base.lproj/MainMenu.xib; sourceTree = "<group>"; };
		8433016A1D2D8CB8008934BB /* Info.plist */ = {isa = PBXFileReference; lastKnownFileType = text.plist.xml; path = Info.plist; sourceTree = "<group>"; };
		8454D12C1D34228D00788632 /* Migla-Bridging-Header.h */ = {isa = PBXFileReference; lastKnownFileType = sourcecode.c.h; path = "Migla-Bridging-Header.h"; sourceTree = "<group>"; };
		8454D12D1D34228E00788632 /* ysocket.swift */ = {isa = PBXFileReference; fileEncoding = 4; lastKnownFileType = sourcecode.swift; name = ysocket.swift; path = SwiftSocket/SwiftSocket/ysocket/ysocket.swift; sourceTree = "<group>"; };
		8454D12E1D34228E00788632 /* ytcpsocket.c */ = {isa = PBXFileReference; fileEncoding = 4; lastKnownFileType = sourcecode.c.c; name = ytcpsocket.c; path = SwiftSocket/SwiftSocket/ysocket/ytcpsocket.c; sourceTree = "<group>"; };
		8454D12F1D34228E00788632 /* ytcpsocket.swift */ = {isa = PBXFileReference; fileEncoding = 4; lastKnownFileType = sourcecode.swift; name = ytcpsocket.swift; path = SwiftSocket/SwiftSocket/ysocket/ytcpsocket.swift; sourceTree = "<group>"; };
		8454D1301D34228E00788632 /* yudpsocket.c */ = {isa = PBXFileReference; fileEncoding = 4; lastKnownFileType = sourcecode.c.c; name = yudpsocket.c; path = SwiftSocket/SwiftSocket/ysocket/yudpsocket.c; sourceTree = "<group>"; };
		8454D1311D34228E00788632 /* yudpsocket.swift */ = {isa = PBXFileReference; fileEncoding = 4; lastKnownFileType = sourcecode.swift; name = yudpsocket.swift; path = SwiftSocket/SwiftSocket/ysocket/yudpsocket.swift; sourceTree = "<group>"; };
		8454D1421D3573E500788632 /* UdpSocket.swift */ = {isa = PBXFileReference; fileEncoding = 4; lastKnownFileType = sourcecode.swift; path = UdpSocket.swift; sourceTree = "<group>"; };
		848E3C891D51237C009A7EEA /* DataPacket.swift */ = {isa = PBXFileReference; fileEncoding = 4; lastKnownFileType = sourcecode.swift; path = DataPacket.swift; sourceTree = "<group>"; };
		848E3C8B1D5138CE009A7EEA /* ConnectionProvider.swift */ = {isa = PBXFileReference; fileEncoding = 4; lastKnownFileType = sourcecode.swift; path = ConnectionProvider.swift; sourceTree = "<group>"; };
		8FC977F01D4778E9001ADF7E /* StatusBarMenuController.swift */ = {isa = PBXFileReference; fileEncoding = 4; lastKnownFileType = sourcecode.swift; path = StatusBarMenuController.swift; sourceTree = "<group>"; };
/* End PBXFileReference section */

/* Begin PBXFrameworksBuildPhase section */
		8433015D1D2D8CB8008934BB /* Frameworks */ = {
			isa = PBXFrameworksBuildPhase;
			buildActionMask = 2147483647;
			files = (
			);
			runOnlyForDeploymentPostprocessing = 0;
		};
/* End PBXFrameworksBuildPhase section */

/* Begin PBXGroup section */
		843301571D2D8CB8008934BB = {
			isa = PBXGroup;
			children = (
				843301621D2D8CB8008934BB /* Migla */,
				843301611D2D8CB8008934BB /* Products */,
			);
			sourceTree = "<group>";
		};
		843301611D2D8CB8008934BB /* Products */ = {
			isa = PBXGroup;
			children = (
				843301601D2D8CB8008934BB /* Migla.app */,
			);
			name = Products;
			sourceTree = "<group>";
		};
		843301621D2D8CB8008934BB /* Migla */ = {
			isa = PBXGroup;
			children = (
				8454D12B1D34226600788632 /* SwiftSocket */,
				843301631D2D8CB8008934BB /* AppDelegate.swift */,
				843301651D2D8CB8008934BB /* Assets.xcassets */,
				843301671D2D8CB8008934BB /* MainMenu.xib */,
				8433016A1D2D8CB8008934BB /* Info.plist */,
				8454D1421D3573E500788632 /* UdpSocket.swift */,
				8FC977F01D4778E9001ADF7E /* StatusBarMenuController.swift */,
				848E3C891D51237C009A7EEA /* DataPacket.swift */,
				848E3C8B1D5138CE009A7EEA /* ConnectionProvider.swift */,
			);
			path = Migla;
			sourceTree = "<group>";
		};
		8454D12B1D34226600788632 /* SwiftSocket */ = {
			isa = PBXGroup;
			children = (
				8454D12D1D34228E00788632 /* ysocket.swift */,
				8454D12E1D34228E00788632 /* ytcpsocket.c */,
				8454D12F1D34228E00788632 /* ytcpsocket.swift */,
				8454D1301D34228E00788632 /* yudpsocket.c */,
				8454D1311D34228E00788632 /* yudpsocket.swift */,
				8454D12C1D34228D00788632 /* Migla-Bridging-Header.h */,
			);
			name = SwiftSocket;
			sourceTree = "<group>";
		};
/* End PBXGroup section */

/* Begin PBXNativeTarget section */
		8433015F1D2D8CB8008934BB /* Migla */ = {
			isa = PBXNativeTarget;
			buildConfigurationList = 8433016D1D2D8CB8008934BB /* Build configuration list for PBXNativeTarget "Migla" */;
			buildPhases = (
				8433015C1D2D8CB8008934BB /* Sources */,
				8433015D1D2D8CB8008934BB /* Frameworks */,
				8433015E1D2D8CB8008934BB /* Resources */,
				84DFAF121D34215800763193 /* Embed Frameworks */,
			);
			buildRules = (
			);
			dependencies = (
			);
			name = Migla;
			productName = Migla;
			productReference = 843301601D2D8CB8008934BB /* Migla.app */;
			productType = "com.apple.product-type.application";
		};
/* End PBXNativeTarget section */

/* Begin PBXProject section */
		843301581D2D8CB8008934BB /* Project object */ = {
			isa = PBXProject;
			attributes = {
				LastSwiftUpdateCheck = 0800;
				LastUpgradeCheck = 0800;
				ORGANIZATIONNAME = Migla;
				TargetAttributes = {
					8433015F1D2D8CB8008934BB = {
						CreatedOnToolsVersion = 8.0;
						DevelopmentTeam = 5K93S6HD22;
						DevelopmentTeamName = "Giedrius Stanevicius (Personal Team)";
						LastSwiftMigration = 0800;
						ProvisioningStyle = Automatic;
					};
				};
			};
			buildConfigurationList = 8433015B1D2D8CB8008934BB /* Build configuration list for PBXProject "Migla" */;
			compatibilityVersion = "Xcode 3.2";
			developmentRegion = English;
			hasScannedForEncodings = 0;
			knownRegions = (
				en,
				Base,
			);
			mainGroup = 843301571D2D8CB8008934BB;
			productRefGroup = 843301611D2D8CB8008934BB /* Products */;
			projectDirPath = "";
			projectRoot = "";
			targets = (
				8433015F1D2D8CB8008934BB /* Migla */,
			);
		};
/* End PBXProject section */

/* Begin PBXResourcesBuildPhase section */
		8433015E1D2D8CB8008934BB /* Resources */ = {
			isa = PBXResourcesBuildPhase;
			buildActionMask = 2147483647;
			files = (
				843301661D2D8CB8008934BB /* Assets.xcassets in Resources */,
				843301691D2D8CB8008934BB /* MainMenu.xib in Resources */,
			);
			runOnlyForDeploymentPostprocessing = 0;
		};
/* End PBXResourcesBuildPhase section */

/* Begin PBXSourcesBuildPhase section */
		8433015C1D2D8CB8008934BB /* Sources */ = {
			isa = PBXSourcesBuildPhase;
			buildActionMask = 2147483647;
			files = (
				848E3C8C1D5138CE009A7EEA /* ConnectionProvider.swift in Sources */,
				8454D1361D34228E00788632 /* yudpsocket.swift in Sources */,
				8454D1341D34228E00788632 /* ytcpsocket.swift in Sources */,
				8FC977F11D4778E9001ADF7E /* StatusBarMenuController.swift in Sources */,
				8454D1351D34228E00788632 /* yudpsocket.c in Sources */,
				8454D1321D34228E00788632 /* ysocket.swift in Sources */,
				848E3C8A1D51237C009A7EEA /* DataPacket.swift in Sources */,
				8454D1331D34228E00788632 /* ytcpsocket.c in Sources */,
				8454D1431D3573E500788632 /* UdpSocket.swift in Sources */,
				843301641D2D8CB8008934BB /* AppDelegate.swift in Sources */,
			);
			runOnlyForDeploymentPostprocessing = 0;
		};
/* End PBXSourcesBuildPhase section */

/* Begin PBXVariantGroup section */
		843301671D2D8CB8008934BB /* MainMenu.xib */ = {
			isa = PBXVariantGroup;
			children = (
				843301681D2D8CB8008934BB /* Base */,
			);
			name = MainMenu.xib;
			sourceTree = "<group>";
		};
/* End PBXVariantGroup section */

/* Begin XCBuildConfiguration section */
		8433016B1D2D8CB8008934BB /* Debug */ = {
			isa = XCBuildConfiguration;
			buildSettings = {
				ALWAYS_SEARCH_USER_PATHS = NO;
				CLANG_ANALYZER_NONNULL = YES;
				CLANG_CXX_LANGUAGE_STANDARD = "gnu++0x";
				CLANG_CXX_LIBRARY = "libc++";
				CLANG_ENABLE_MODULES = YES;
				CLANG_ENABLE_OBJC_ARC = YES;
				CLANG_WARN_BOOL_CONVERSION = YES;
				CLANG_WARN_CONSTANT_CONVERSION = YES;
				CLANG_WARN_DIRECT_OBJC_ISA_USAGE = YES_ERROR;
				CLANG_WARN_DOCUMENTATION_COMMENTS = YES;
				CLANG_WARN_EMPTY_BODY = YES;
				CLANG_WARN_ENUM_CONVERSION = YES;
				CLANG_WARN_INT_CONVERSION = YES;
				CLANG_WARN_OBJC_ROOT_CLASS = YES_ERROR;
				CLANG_WARN_UNREACHABLE_CODE = YES;
				CLANG_WARN__DUPLICATE_METHOD_MATCH = YES;
				CODE_SIGN_IDENTITY = "-";
				COPY_PHASE_STRIP = NO;
				DEBUG_INFORMATION_FORMAT = dwarf;
				ENABLE_STRICT_OBJC_MSGSEND = YES;
				ENABLE_TESTABILITY = YES;
				GCC_C_LANGUAGE_STANDARD = gnu99;
				GCC_DYNAMIC_NO_PIC = NO;
				GCC_NO_COMMON_BLOCKS = YES;
				GCC_OPTIMIZATION_LEVEL = 0;
				GCC_PREPROCESSOR_DEFINITIONS = (
					"DEBUG=1",
					"$(inherited)",
				);
				GCC_WARN_64_TO_32_BIT_CONVERSION = YES;
				GCC_WARN_ABOUT_RETURN_TYPE = YES_ERROR;
				GCC_WARN_UNDECLARED_SELECTOR = YES;
				GCC_WARN_UNINITIALIZED_AUTOS = YES_AGGRESSIVE;
				GCC_WARN_UNUSED_FUNCTION = YES;
				GCC_WARN_UNUSED_VARIABLE = YES;
				MACOSX_DEPLOYMENT_TARGET = 10.12;
				MTL_ENABLE_DEBUG_INFO = YES;
				ONLY_ACTIVE_ARCH = YES;
				SDKROOT = macosx;
				SWIFT_ACTIVE_COMPILATION_CONDITIONS = DEBUG;
				SWIFT_OPTIMIZATION_LEVEL = "-Onone";
			};
			name = Debug;
		};
		8433016C1D2D8CB8008934BB /* Release */ = {
			isa = XCBuildConfiguration;
			buildSettings = {
				ALWAYS_SEARCH_USER_PATHS = NO;
				CLANG_ANALYZER_NONNULL = YES;
				CLANG_CXX_LANGUAGE_STANDARD = "gnu++0x";
				CLANG_CXX_LIBRARY = "libc++";
				CLANG_ENABLE_MODULES = YES;
				CLANG_ENABLE_OBJC_ARC = YES;
				CLANG_WARN_BOOL_CONVERSION = YES;
				CLANG_WARN_CONSTANT_CONVERSION = YES;
				CLANG_WARN_DIRECT_OBJC_ISA_USAGE = YES_ERROR;
				CLANG_WARN_DOCUMENTATION_COMMENTS = YES;
				CLANG_WARN_EMPTY_BODY = YES;
				CLANG_WARN_ENUM_CONVERSION = YES;
				CLANG_WARN_INT_CONVERSION = YES;
				CLANG_WARN_OBJC_ROOT_CLASS = YES_ERROR;
				CLANG_WARN_UNREACHABLE_CODE = YES;
				CLANG_WARN__DUPLICATE_METHOD_MATCH = YES;
				CODE_SIGN_IDENTITY = "-";
				COPY_PHASE_STRIP = NO;
				DEBUG_INFORMATION_FORMAT = "dwarf-with-dsym";
				ENABLE_NS_ASSERTIONS = NO;
				ENABLE_STRICT_OBJC_MSGSEND = YES;
				GCC_C_LANGUAGE_STANDARD = gnu99;
				GCC_NO_COMMON_BLOCKS = YES;
				GCC_WARN_64_TO_32_BIT_CONVERSION = YES;
				GCC_WARN_ABOUT_RETURN_TYPE = YES_ERROR;
				GCC_WARN_UNDECLARED_SELECTOR = YES;
				GCC_WARN_UNINITIALIZED_AUTOS = YES_AGGRESSIVE;
				GCC_WARN_UNUSED_FUNCTION = YES;
				GCC_WARN_UNUSED_VARIABLE = YES;
				MACOSX_DEPLOYMENT_TARGET = 10.12;
				MTL_ENABLE_DEBUG_INFO = NO;
				SDKROOT = macosx;
				SWIFT_OPTIMIZATION_LEVEL = "-Owholemodule";
			};
			name = Release;
		};
		8433016E1D2D8CB8008934BB /* Debug */ = {
			isa = XCBuildConfiguration;
			buildSettings = {
				ALWAYS_EMBED_SWIFT_STANDARD_LIBRARIES = YES;
				ASSETCATALOG_COMPILER_APPICON_NAME = AppIcon;
				CLANG_ENABLE_MODULES = YES;
				COMBINE_HIDPI_IMAGES = YES;
				INFOPLIST_FILE = Migla/Info.plist;
				LD_RUNPATH_SEARCH_PATHS = "$(inherited) @executable_path/../Frameworks";
				MACOSX_DEPLOYMENT_TARGET = 10.11;
				PRODUCT_BUNDLE_IDENTIFIER = com.migla.Migla;
				PRODUCT_NAME = "$(TARGET_NAME)";
				SWIFT_OBJC_BRIDGING_HEADER = "Migla/Migla-Bridging-Header.h";
				SWIFT_OPTIMIZATION_LEVEL = "-Onone";
				SWIFT_VERSION = 3.0;
			};
			name = Debug;
		};
		8433016F1D2D8CB8008934BB /* Release */ = {
			isa = XCBuildConfiguration;
			buildSettings = {
				ALWAYS_EMBED_SWIFT_STANDARD_LIBRARIES = YES;
				ASSETCATALOG_COMPILER_APPICON_NAME = AppIcon;
				CLANG_ENABLE_MODULES = YES;
				COMBINE_HIDPI_IMAGES = YES;
				INFOPLIST_FILE = Migla/Info.plist;
				LD_RUNPATH_SEARCH_PATHS = "$(inherited) @executable_path/../Frameworks";
				MACOSX_DEPLOYMENT_TARGET = 10.11;
				PRODUCT_BUNDLE_IDENTIFIER = com.migla.Migla;
				PRODUCT_NAME = "$(TARGET_NAME)";
				SWIFT_OBJC_BRIDGING_HEADER = "Migla/Migla-Bridging-Header.h";
				SWIFT_VERSION = 3.0;
			};
			name = Release;
		};
/* End XCBuildConfiguration section */

/* Begin XCConfigurationList section */
		8433015B1D2D8CB8008934BB /* Build configuration list for PBXProject "Migla" */ = {
			isa = XCConfigurationList;
			buildConfigurations = (
				8433016B1D2D8CB8008934BB /* Debug */,
				8433016C1D2D8CB8008934BB /* Release */,
			);
			defaultConfigurationIsVisible = 0;
			defaultConfigurationName = Release;
		};
		8433016D1D2D8CB8008934BB /* Build configuration list for PBXNativeTarget "Migla" */ = {
			isa = XCConfigurationList;
			buildConfigurations = (
				8433016E1D2D8CB8008934BB /* Debug */,
				8433016F1D2D8CB8008934BB /* Release */,
			);
			defaultConfigurationIsVisible = 0;
			defaultConfigurationName = Release;
		};
/* End XCConfigurationList section */
	};
	rootObject = 843301581D2D8CB8008934BB /* Project object */;
}
